
Microsoft Visual Studio Solution File, Format Version 12.00
# Visual Studio 15
VisualStudioVersion = 15.0.28307.421
MinimumVisualStudioVersion = 10.0.40219.1
Project("{FAE04EC0-301F-11D3-BF4B-00C04F79EFBC}") = "ChompooHub.Android", "ChompooHub\ChompooHub.Android\ChompooHub.Android.csproj", "{BED58A1B-2A25-4E92-B858-F305D25C9F97}"
EndProject
Project("{FAE04EC0-301F-11D3-BF4B-00C04F79EFBC}") = "ChompooHub.iOS", "ChompooHub\ChompooHub.iOS\ChompooHub.iOS.csproj", "{C3BCB986-CE44-4E85-9DB6-102029010EB2}"
EndProject
Project("{FAE04EC0-301F-11D3-BF4B-00C04F79EFBC}") = "ChompooHub.UWP", "ChompooHub\ChompooHub.UWP\ChompooHub.UWP.csproj", "{5712F495-4482-480E-812E-868E15A7A79C}"
EndProject
Project("{FAE04EC0-301F-11D3-BF4B-00C04F79EFBC}") = "ChompooHub", "ChompooHub\ChompooHub\ChompooHub.csproj", "{46359254-7F06-4AE8-9164-881D2F6C909A}"
EndProject
Global
	GlobalSection(SolutionConfigurationPlatforms) = preSolution
		Ad-Hoc|Any CPU = Ad-Hoc|Any CPU
		Ad-Hoc|ARM = Ad-Hoc|ARM
		Ad-Hoc|iPhone = Ad-Hoc|iPhone
		Ad-Hoc|iPhoneSimulator = Ad-Hoc|iPhoneSimulator
		Ad-Hoc|x64 = Ad-Hoc|x64
		Ad-Hoc|x86 = Ad-Hoc|x86
		AppStore|Any CPU = AppStore|Any CPU
		AppStore|ARM = AppStore|ARM
		AppStore|iPhone = AppStore|iPhone
		AppStore|iPhoneSimulator = AppStore|iPhoneSimulator
		AppStore|x64 = AppStore|x64
		AppStore|x86 = AppStore|x86
		Debug|Any CPU = Debug|Any CPU
		Debug|ARM = Debug|ARM
		Debug|iPhone = Debug|iPhone
		Debug|iPhoneSimulator = Debug|iPhoneSimulator
		Debug|x64 = Debug|x64
		Debug|x86 = Debug|x86
		Release|Any CPU = Release|Any CPU
		Release|ARM = Release|ARM
		Release|iPhone = Release|iPhone
		Release|iPhoneSimulator = Release|iPhoneSimulator
		Release|x64 = Release|x64
		Release|x86 = Release|x86
	EndGlobalSection
	GlobalSection(ProjectConfigurationPlatforms) = postSolution
		{BED58A1B-2A25-4E92-B858-F305D25C9F97}.Ad-Hoc|Any CPU.ActiveCfg = Release|Any CPU
		{BED58A1B-2A25-4E92-B858-F305D25C9F97}.Ad-Hoc|Any CPU.Build.0 = Release|Any CPU
		{BED58A1B-2A25-4E92-B858-F305D25C9F97}.Ad-Hoc|Any CPU.Deploy.0 = Release|Any CPU
		{BED58A1B-2A25-4E92-B858-F305D25C9F97}.Ad-Hoc|ARM.ActiveCfg = Release|Any CPU
		{BED58A1B-2A25-4E92-B858-F305D25C9F97}.Ad-Hoc|ARM.Build.0 = Release|Any CPU
		{BED58A1B-2A25-4E92-B858-F305D25C9F97}.Ad-Hoc|ARM.Deploy.0 = Release|Any CPU
		{BED58A1B-2A25-4E92-B858-F305D25C9F97}.Ad-Hoc|iPhone.ActiveCfg = Release|Any CPU
		{BED58A1B-2A25-4E92-B858-F305D25C9F97}.Ad-Hoc|iPhone.Build.0 = Release|Any CPU
		{BED58A1B-2A25-4E92-B858-F305D25C9F97}.Ad-Hoc|iPhone.Deploy.0 = Release|Any CPU
		{BED58A1B-2A25-4E92-B858-F305D25C9F97}.Ad-Hoc|iPhoneSimulator.ActiveCfg = Release|Any CPU
		{BED58A1B-2A25-4E92-B858-F305D25C9F97}.Ad-Hoc|iPhoneSimulator.Build.0 = Release|Any CPU
		{BED58A1B-2A25-4E92-B858-F305D25C9F97}.Ad-Hoc|iPhoneSimulator.Deploy.0 = Release|Any CPU
		{BED58A1B-2A25-4E92-B858-F305D25C9F97}.Ad-Hoc|x64.ActiveCfg = Release|Any CPU
		{BED58A1B-2A25-4E92-B858-F305D25C9F97}.Ad-Hoc|x64.Build.0 = Release|Any CPU
		{BED58A1B-2A25-4E92-B858-F305D25C9F97}.Ad-Hoc|x64.Deploy.0 = Release|Any CPU
		{BED58A1B-2A25-4E92-B858-F305D25C9F97}.Ad-Hoc|x86.ActiveCfg = Release|Any CPU
		{BED58A1B-2A25-4E92-B858-F305D25C9F97}.Ad-Hoc|x86.Build.0 = Release|Any CPU
		{BED58A1B-2A25-4E92-B858-F305D25C9F97}.Ad-Hoc|x86.Deploy.0 = Release|Any CPU
		{BED58A1B-2A25-4E92-B858-F305D25C9F97}.AppStore|Any CPU.ActiveCfg = Release|Any CPU
		{BED58A1B-2A25-4E92-B858-F305D25C9F97}.AppStore|Any CPU.Build.0 = Release|Any CPU
		{BED58A1B-2A25-4E92-B858-F305D25C9F97}.AppStore|Any CPU.Deploy.0 = Release|Any CPU
		{BED58A1B-2A25-4E92-B858-F305D25C9F97}.AppStore|ARM.ActiveCfg = Release|Any CPU
		{BED58A1B-2A25-4E92-B858-F305D25C9F97}.AppStore|ARM.Build.0 = Release|Any CPU
		{BED58A1B-2A25-4E92-B858-F305D25C9F97}.AppStore|ARM.Deploy.0 = Release|Any CPU
		{BED58A1B-2A25-4E92-B858-F305D25C9F97}.AppStore|iPhone.ActiveCfg = Release|Any CPU
		{BED58A1B-2A25-4E92-B858-F305D25C9F97}.AppStore|iPhone.Build.0 = Release|Any CPU
		{BED58A1B-2A25-4E92-B858-F305D25C9F97}.AppStore|iPhone.Deploy.0 = Release|Any CPU
		{BED58A1B-2A25-4E92-B858-F305D25C9F97}.AppStore|iPhoneSimulator.ActiveCfg = Release|Any CPU
		{BED58A1B-2A25-4E92-B858-F305D25C9F97}.AppStore|iPhoneSimulator.Build.0 = Release|Any CPU
		{BED58A1B-2A25-4E92-B858-F305D25C9F97}.AppStore|iPhoneSimulator.Deploy.0 = Release|Any CPU
		{BED58A1B-2A25-4E92-B858-F305D25C9F97}.AppStore|x64.ActiveCfg = Release|Any CPU
		{BED58A1B-2A25-4E92-B858-F305D25C9F97}.AppStore|x64.Build.0 = Release|Any CPU
		{BED58A1B-2A25-4E92-B858-F305D25C9F97}.AppStore|x64.Deploy.0 = Release|Any CPU
		{BED58A1B-2A25-4E92-B858-F305D25C9F97}.AppStore|x86.ActiveCfg = Release|Any CPU
		{BED58A1B-2A25-4E92-B858-F305D25C9F97}.AppStore|x86.Build.0 = Release|Any CPU
		{BED58A1B-2A25-4E92-B858-F305D25C9F97}.AppStore|x86.Deploy.0 = Release|Any CPU
		{BED58A1B-2A25-4E92-B858-F305D25C9F97}.Debug|Any CPU.ActiveCfg = Debug|Any CPU
		{BED58A1B-2A25-4E92-B858-F305D25C9F97}.Debug|Any CPU.Build.0 = Debug|Any CPU
		{BED58A1B-2A25-4E92-B858-F305D25C9F97}.Debug|Any CPU.Deploy.0 = Debug|Any CPU
		{BED58A1B-2A25-4E92-B858-F305D25C9F97}.Debug|ARM.ActiveCfg = Debug|Any CPU
		{BED58A1B-2A25-4E92-B858-F305D25C9F97}.Debug|ARM.Build.0 = Debug|Any CPU
		{BED58A1B-2A25-4E92-B858-F305D25C9F97}.Debug|ARM.Deploy.0 = Debug|Any CPU
		{BED58A1B-2A25-4E92-B858-F305D25C9F97}.Debug|iPhone.ActiveCfg = Debug|Any CPU
		{BED58A1B-2A25-4E92-B858-F305D25C9F97}.Debug|iPhone.Build.0 = Debug|Any CPU
		{BED58A1B-2A25-4E92-B858-F305D25C9F97}.Debug|iPhone.Deploy.0 = Debug|Any CPU
		{BED58A1B-2A25-4E92-B858-F305D25C9F97}.Debug|iPhoneSimulator.ActiveCfg = Debug|Any CPU
		{BED58A1B-2A25-4E92-B858-F305D25C9F97}.Debug|iPhoneSimulator.Build.0 = Debug|Any CPU
		{BED58A1B-2A25-4E92-B858-F305D25C9F97}.Debug|iPhoneSimulator.Deploy.0 = Debug|Any CPU
		{BED58A1B-2A25-4E92-B858-F305D25C9F97}.Debug|x64.ActiveCfg = Debug|Any CPU
		{BED58A1B-2A25-4E92-B858-F305D25C9F97}.Debug|x64.Build.0 = Debug|Any CPU
		{BED58A1B-2A25-4E92-B858-F305D25C9F97}.Debug|x64.Deploy.0 = Debug|Any CPU
		{BED58A1B-2A25-4E92-B858-F305D25C9F97}.Debug|x86.ActiveCfg = Debug|Any CPU
		{BED58A1B-2A25-4E92-B858-F305D25C9F97}.Debug|x86.Build.0 = Debug|Any CPU
		{BED58A1B-2A25-4E92-B858-F305D25C9F97}.Debug|x86.Deploy.0 = Debug|Any CPU
		{BED58A1B-2A25-4E92-B858-F305D25C9F97}.Release|Any CPU.ActiveCfg = Release|Any CPU
		{BED58A1B-2A25-4E92-B858-F305D25C9F97}.Release|Any CPU.Build.0 = Release|Any CPU
		{BED58A1B-2A25-4E92-B858-F305D25C9F97}.Release|Any CPU.Deploy.0 = Release|Any CPU
		{BED58A1B-2A25-4E92-B858-F305D25C9F97}.Release|ARM.ActiveCfg = Release|Any CPU
		{BED58A1B-2A25-4E92-B858-F305D25C9F97}.Release|ARM.Build.0 = Release|Any CPU
		{BED58A1B-2A25-4E92-B858-F305D25C9F97}.Release|ARM.Deploy.0 = Release|Any CPU
		{BED58A1B-2A25-4E92-B858-F305D25C9F97}.Release|iPhone.ActiveCfg = Release|Any CPU
		{BED58A1B-2A25-4E92-B858-F305D25C9F97}.Release|iPhone.Build.0 = Release|Any CPU
		{BED58A1B-2A25-4E92-B858-F305D25C9F97}.Release|iPhone.Deploy.0 = Release|Any CPU
		{BED58A1B-2A25-4E92-B858-F305D25C9F97}.Release|iPhoneSimulator.ActiveCfg = Release|Any CPU
		{BED58A1B-2A25-4E92-B858-F305D25C9F97}.Release|iPhoneSimulator.Build.0 = Release|Any CPU
		{BED58A1B-2A25-4E92-B858-F305D25C9F97}.Release|iPhoneSimulator.Deploy.0 = Release|Any CPU
		{BED58A1B-2A25-4E92-B858-F305D25C9F97}.Release|x64.ActiveCfg = Release|Any CPU
		{BED58A1B-2A25-4E92-B858-F305D25C9F97}.Release|x64.Build.0 = Release|Any CPU
		{BED58A1B-2A25-4E92-B858-F305D25C9F97}.Release|x64.Deploy.0 = Release|Any CPU
		{BED58A1B-2A25-4E92-B858-F305D25C9F97}.Release|x86.ActiveCfg = Release|Any CPU
		{BED58A1B-2A25-4E92-B858-F305D25C9F97}.Release|x86.Build.0 = Release|Any CPU
		{BED58A1B-2A25-4E92-B858-F305D25C9F97}.Release|x86.Deploy.0 = Release|Any CPU
		{C3BCB986-CE44-4E85-9DB6-102029010EB2}.Ad-Hoc|Any CPU.ActiveCfg = Ad-Hoc|iPhone
		{C3BCB986-CE44-4E85-9DB6-102029010EB2}.Ad-Hoc|Any CPU.Build.0 = Ad-Hoc|iPhone
		{C3BCB986-CE44-4E85-9DB6-102029010EB2}.Ad-Hoc|Any CPU.Deploy.0 = Ad-Hoc|iPhone
		{C3BCB986-CE44-4E85-9DB6-102029010EB2}.Ad-Hoc|ARM.ActiveCfg = Ad-Hoc|iPhone
		{C3BCB986-CE44-4E85-9DB6-102029010EB2}.Ad-Hoc|ARM.Build.0 = Ad-Hoc|iPhone
		{C3BCB986-CE44-4E85-9DB6-102029010EB2}.Ad-Hoc|ARM.Deploy.0 = Ad-Hoc|iPhone
		{C3BCB986-CE44-4E85-9DB6-102029010EB2}.Ad-Hoc|iPhone.ActiveCfg = Ad-Hoc|iPhone
		{C3BCB986-CE44-4E85-9DB6-102029010EB2}.Ad-Hoc|iPhone.Build.0 = Ad-Hoc|iPhone
		{C3BCB986-CE44-4E85-9DB6-102029010EB2}.Ad-Hoc|iPhone.Deploy.0 = Ad-Hoc|iPhone
		{C3BCB986-CE44-4E85-9DB6-102029010EB2}.Ad-Hoc|iPhoneSimulator.ActiveCfg = Ad-Hoc|iPhoneSimulator
		{C3BCB986-CE44-4E85-9DB6-102029010EB2}.Ad-Hoc|iPhoneSimulator.Build.0 = Ad-Hoc|iPhoneSimulator
		{C3BCB986-CE44-4E85-9DB6-102029010EB2}.Ad-Hoc|iPhoneSimulator.Deploy.0 = Ad-Hoc|iPhoneSimulator
		{C3BCB986-CE44-4E85-9DB6-102029010EB2}.Ad-Hoc|x64.ActiveCfg = Ad-Hoc|iPhone
		{C3BCB986-CE44-4E85-9DB6-102029010EB2}.Ad-Hoc|x64.Build.0 = Ad-Hoc|iPhone
		{C3BCB986-CE44-4E85-9DB6-102029010EB2}.Ad-Hoc|x64.Deploy.0 = Ad-Hoc|iPhone
		{C3BCB986-CE44-4E85-9DB6-102029010EB2}.Ad-Hoc|x86.ActiveCfg = Ad-Hoc|iPhone
		{C3BCB986-CE44-4E85-9DB6-102029010EB2}.Ad-Hoc|x86.Build.0 = Ad-Hoc|iPhone
		{C3BCB986-CE44-4E85-9DB6-102029010EB2}.Ad-Hoc|x86.Deploy.0 = Ad-Hoc|iPhone
		{C3BCB986-CE44-4E85-9DB6-102029010EB2}.AppStore|Any CPU.ActiveCfg = AppStore|iPhone
		{C3BCB986-CE44-4E85-9DB6-102029010EB2}.AppStore|Any CPU.Build.0 = AppStore|iPhone
		{C3BCB986-CE44-4E85-9DB6-102029010EB2}.AppStore|Any CPU.Deploy.0 = AppStore|iPhone
		{C3BCB986-CE44-4E85-9DB6-102029010EB2}.AppStore|ARM.ActiveCfg = AppStore|iPhone
		{C3BCB986-CE44-4E85-9DB6-102029010EB2}.AppStore|ARM.Build.0 = AppStore|iPhone
		{C3BCB986-CE44-4E85-9DB6-102029010EB2}.AppStore|ARM.Deploy.0 = AppStore|iPhone
		{C3BCB986-CE44-4E85-9DB6-102029010EB2}.AppStore|iPhone.ActiveCfg = AppStore|iPhone
		{C3BCB986-CE44-4E85-9DB6-102029010EB2}.AppStore|iPhone.Build.0 = AppStore|iPhone
		{C3BCB986-CE44-4E85-9DB6-102029010EB2}.AppStore|iPhone.Deploy.0 = AppStore|iPhone
		{C3BCB986-CE44-4E85-9DB6-102029010EB2}.AppStore|iPhoneSimulator.ActiveCfg = AppStore|iPhoneSimulator
		{C3BCB986-CE44-4E85-9DB6-102029010EB2}.AppStore|iPhoneSimulator.Build.0 = AppStore|iPhoneSimulator
		{C3BCB986-CE44-4E85-9DB6-102029010EB2}.AppStore|iPhoneSimulator.Deploy.0 = AppStore|iPhoneSimulator
		{C3BCB986-CE44-4E85-9DB6-102029010EB2}.AppStore|x64.ActiveCfg = AppStore|iPhone
		{C3BCB986-CE44-4E85-9DB6-102029010EB2}.AppStore|x64.Build.0 = AppStore|iPhone
		{C3BCB986-CE44-4E85-9DB6-102029010EB2}.AppStore|x64.Deploy.0 = AppStore|iPhone
		{C3BCB986-CE44-4E85-9DB6-102029010EB2}.AppStore|x86.ActiveCfg = AppStore|iPhone
		{C3BCB986-CE44-4E85-9DB6-102029010EB2}.AppStore|x86.Build.0 = AppStore|iPhone
		{C3BCB986-CE44-4E85-9DB6-102029010EB2}.AppStore|x86.Deploy.0 = AppStore|iPhone
		{C3BCB986-CE44-4E85-9DB6-102029010EB2}.Debug|Any CPU.ActiveCfg = Debug|iPhoneSimulator
		{C3BCB986-CE44-4E85-9DB6-102029010EB2}.Debug|Any CPU.Build.0 = Debug|iPhoneSimulator
		{C3BCB986-CE44-4E85-9DB6-102029010EB2}.Debug|Any CPU.Deploy.0 = Debug|iPhoneSimulator
		{C3BCB986-CE44-4E85-9DB6-102029010EB2}.Debug|ARM.ActiveCfg = Debug|iPhone
		{C3BCB986-CE44-4E85-9DB6-102029010EB2}.Debug|ARM.Build.0 = Debug|iPhone
		{C3BCB986-CE44-4E85-9DB6-102029010EB2}.Debug|ARM.Deploy.0 = Debug|iPhone
		{C3BCB986-CE44-4E85-9DB6-102029010EB2}.Debug|iPhone.ActiveCfg = Debug|iPhone
		{C3BCB986-CE44-4E85-9DB6-102029010EB2}.Debug|iPhone.Build.0 = Debug|iPhone
		{C3BCB986-CE44-4E85-9DB6-102029010EB2}.Debug|iPhone.Deploy.0 = Debug|iPhone
		{C3BCB986-CE44-4E85-9DB6-102029010EB2}.Debug|iPhoneSimulator.ActiveCfg = Debug|iPhoneSimulator
		{C3BCB986-CE44-4E85-9DB6-102029010EB2}.Debug|iPhoneSimulator.Build.0 = Debug|iPhoneSimulator
		{C3BCB986-CE44-4E85-9DB6-102029010EB2}.Debug|iPhoneSimulator.Deploy.0 = Debug|iPhoneSimulator
		{C3BCB986-CE44-4E85-9DB6-102029010EB2}.Debug|x64.ActiveCfg = Debug|iPhone
		{C3BCB986-CE44-4E85-9DB6-102029010EB2}.Debug|x64.Build.0 = Debug|iPhone
		{C3BCB986-CE44-4E85-9DB6-102029010EB2}.Debug|x64.Deploy.0 = Debug|iPhone
		{C3BCB986-CE44-4E85-9DB6-102029010EB2}.Debug|x86.ActiveCfg = Debug|iPhone
		{C3BCB986-CE44-4E85-9DB6-102029010EB2}.Debug|x86.Build.0 = Debug|iPhone
		{C3BCB986-CE44-4E85-9DB6-102029010EB2}.Debug|x86.Deploy.0 = Debug|iPhone
		{C3BCB986-CE44-4E85-9DB6-102029010EB2}.Release|Any CPU.ActiveCfg = Release|iPhone
		{C3BCB986-CE44-4E85-9DB6-102029010EB2}.Release|Any CPU.Build.0 = Release|iPhone
		{C3BCB986-CE44-4E85-9DB6-102029010EB2}.Release|Any CPU.Deploy.0 = Release|iPhone
		{C3BCB986-CE44-4E85-9DB6-102029010EB2}.Release|ARM.ActiveCfg = Release|iPhone
		{C3BCB986-CE44-4E85-9DB6-102029010EB2}.Release|ARM.Build.0 = Release|iPhone
		{C3BCB986-CE44-4E85-9DB6-102029010EB2}.Release|ARM.Deploy.0 = Release|iPhone
		{C3BCB986-CE44-4E85-9DB6-102029010EB2}.Release|iPhone.ActiveCfg = Release|iPhone
		{C3BCB986-CE44-4E85-9DB6-102029010EB2}.Release|iPhone.Build.0 = Release|iPhone
		{C3BCB986-CE44-4E85-9DB6-102029010EB2}.Release|iPhone.Deploy.0 = Release|iPhone
		{C3BCB986-CE44-4E85-9DB6-102029010EB2}.Release|iPhoneSimulator.ActiveCfg = Release|iPhoneSimulator
		{C3BCB986-CE44-4E85-9DB6-102029010EB2}.Release|iPhoneSimulator.Build.0 = Release|iPhoneSimulator
		{C3BCB986-CE44-4E85-9DB6-102029010EB2}.Release|iPhoneSimulator.Deploy.0 = Release|iPhoneSimulator
		{C3BCB986-CE44-4E85-9DB6-102029010EB2}.Release|x64.ActiveCfg = Release|iPhone
		{C3BCB986-CE44-4E85-9DB6-102029010EB2}.Release|x64.Build.0 = Release|iPhone
		{C3BCB986-CE44-4E85-9DB6-102029010EB2}.Release|x64.Deploy.0 = Release|iPhone
		{C3BCB986-CE44-4E85-9DB6-102029010EB2}.Release|x86.ActiveCfg = Release|iPhone
		{C3BCB986-CE44-4E85-9DB6-102029010EB2}.Release|x86.Build.0 = Release|iPhone
		{C3BCB986-CE44-4E85-9DB6-102029010EB2}.Release|x86.Deploy.0 = Release|iPhone
		{5712F495-4482-480E-812E-868E15A7A79C}.Ad-Hoc|Any CPU.ActiveCfg = Release|x86
		{5712F495-4482-480E-812E-868E15A7A79C}.Ad-Hoc|Any CPU.Build.0 = Release|x86
		{5712F495-4482-480E-812E-868E15A7A79C}.Ad-Hoc|Any CPU.Deploy.0 = Release|x86
		{5712F495-4482-480E-812E-868E15A7A79C}.Ad-Hoc|ARM.ActiveCfg = Release|ARM
		{5712F495-4482-480E-812E-868E15A7A79C}.Ad-Hoc|ARM.Build.0 = Release|ARM
		{5712F495-4482-480E-812E-868E15A7A79C}.Ad-Hoc|ARM.Deploy.0 = Release|ARM
		{5712F495-4482-480E-812E-868E15A7A79C}.Ad-Hoc|iPhone.ActiveCfg = Release|x86
		{5712F495-4482-480E-812E-868E15A7A79C}.Ad-Hoc|iPhone.Build.0 = Release|x86
		{5712F495-4482-480E-812E-868E15A7A79C}.Ad-Hoc|iPhone.Deploy.0 = Release|x86
		{5712F495-4482-480E-812E-868E15A7A79C}.Ad-Hoc|iPhoneSimulator.ActiveCfg = Release|x86
		{5712F495-4482-480E-812E-868E15A7A79C}.Ad-Hoc|iPhoneSimulator.Build.0 = Release|x86
		{5712F495-4482-480E-812E-868E15A7A79C}.Ad-Hoc|iPhoneSimulator.Deploy.0 = Release|x86
		{5712F495-4482-480E-812E-868E15A7A79C}.Ad-Hoc|x64.ActiveCfg = Release|x64
		{5712F495-4482-480E-812E-868E15A7A79C}.Ad-Hoc|x64.Build.0 = Release|x64
		{5712F495-4482-480E-812E-868E15A7A79C}.Ad-Hoc|x64.Deploy.0 = Release|x64
		{5712F495-4482-480E-812E-868E15A7A79C}.Ad-Hoc|x86.ActiveCfg = Release|x86
		{5712F495-4482-480E-812E-868E15A7A79C}.Ad-Hoc|x86.Build.0 = Release|x86
		{5712F495-4482-480E-812E-868E15A7A79C}.Ad-Hoc|x86.Deploy.0 = Release|x86
		{5712F495-4482-480E-812E-868E15A7A79C}.AppStore|Any CPU.ActiveCfg = Release|x86
		{5712F495-4482-480E-812E-868E15A7A79C}.AppStore|Any CPU.Build.0 = Release|x86
		{5712F495-4482-480E-812E-868E15A7A79C}.AppStore|Any CPU.Deploy.0 = Release|x86
		{5712F495-4482-480E-812E-868E15A7A79C}.AppStore|ARM.ActiveCfg = Release|ARM
		{5712F495-4482-480E-812E-868E15A7A79C}.AppStore|ARM.Build.0 = Release|ARM
		{5712F495-4482-480E-812E-868E15A7A79C}.AppStore|ARM.Deploy.0 = Release|ARM
		{5712F495-4482-480E-812E-868E15A7A79C}.AppStore|iPhone.ActiveCfg = Release|x86
		{5712F495-4482-480E-812E-868E15A7A79C}.AppStore|iPhone.Build.0 = Release|x86
		{5712F495-4482-480E-812E-868E15A7A79C}.AppStore|iPhone.Deploy.0 = Release|x86
		{5712F495-4482-480E-812E-868E15A7A79C}.AppStore|iPhoneSimulator.ActiveCfg = Release|x86
		{5712F495-4482-480E-812E-868E15A7A79C}.AppStore|iPhoneSimulator.Build.0 = Release|x86
		{5712F495-4482-480E-812E-868E15A7A79C}.AppStore|iPhoneSimulator.Deploy.0 = Release|x86
		{5712F495-4482-480E-812E-868E15A7A79C}.AppStore|x64.ActiveCfg = Release|x64
		{5712F495-4482-480E-812E-868E15A7A79C}.AppStore|x64.Build.0 = Release|x64
		{5712F495-4482-480E-812E-868E15A7A79C}.AppStore|x64.Deploy.0 = Release|x64
		{5712F495-4482-480E-812E-868E15A7A79C}.AppStore|x86.ActiveCfg = Release|x86
		{5712F495-4482-480E-812E-868E15A7A79C}.AppStore|x86.Build.0 = Release|x86
		{5712F495-4482-480E-812E-868E15A7A79C}.AppStore|x86.Deploy.0 = Release|x86
		{5712F495-4482-480E-812E-868E15A7A79C}.Debug|Any CPU.ActiveCfg = Debug|x86
		{5712F495-4482-480E-812E-868E15A7A79C}.Debug|Any CPU.Build.0 = Debug|x86
		{5712F495-4482-480E-812E-868E15A7A79C}.Debug|Any CPU.Deploy.0 = Debug|x86
		{5712F495-4482-480E-812E-868E15A7A79C}.Debug|ARM.ActiveCfg = Debug|ARM
		{5712F495-4482-480E-812E-868E15A7A79C}.Debug|ARM.Build.0 = Debug|ARM
		{5712F495-4482-480E-812E-868E15A7A79C}.Debug|ARM.Deploy.0 = Debug|ARM
		{5712F495-4482-480E-812E-868E15A7A79C}.Debug|iPhone.ActiveCfg = Debug|x86
		{5712F495-4482-480E-812E-868E15A7A79C}.Debug|iPhone.Build.0 = Debug|x86
		{5712F495-4482-480E-812E-868E15A7A79C}.Debug|iPhone.Deploy.0 = Debug|x86
		{5712F495-4482-480E-812E-868E15A7A79C}.Debug|iPhoneSimulator.ActiveCfg = Debug|x86
		{5712F495-4482-480E-812E-868E15A7A79C}.Debug|iPhoneSimulator.Build.0 = Debug|x86
		{5712F495-4482-480E-812E-868E15A7A79C}.Debug|iPhoneSimulator.Deploy.0 = Debug|x86
		{5712F495-4482-480E-812E-868E15A7A79C}.Debug|x64.ActiveCfg = Debug|x64
		{5712F495-4482-480E-812E-868E15A7A79C}.Debug|x64.Build.0 = Debug|x64
		{5712F495-4482-480E-812E-868E15A7A79C}.Debug|x64.Deploy.0 = Debug|x64
		{5712F495-4482-480E-812E-868E15A7A79C}.Debug|x86.ActiveCfg = Debug|x86
		{5712F495-4482-480E-812E-868E15A7A79C}.Debug|x86.Build.0 = Debug|x86
		{5712F495-4482-480E-812E-868E15A7A79C}.Debug|x86.Deploy.0 = Debug|x86
		{5712F495-4482-480E-812E-868E15A7A79C}.Release|Any CPU.ActiveCfg = Release|x86
		{5712F495-4482-480E-812E-868E15A7A79C}.Release|Any CPU.Build.0 = Release|x86
		{5712F495-4482-480E-812E-868E15A7A79C}.Release|Any CPU.Deploy.0 = Release|x86
		{5712F495-4482-480E-812E-868E15A7A79C}.Release|ARM.ActiveCfg = Release|ARM
		{5712F495-4482-480E-812E-868E15A7A79C}.Release|ARM.Build.0 = Release|ARM
		{5712F495-4482-480E-812E-868E15A7A79C}.Release|ARM.Deploy.0 = Release|ARM
		{5712F495-4482-480E-812E-868E15A7A79C}.Release|iPhone.ActiveCfg = Release|x86
		{5712F495-4482-480E-812E-868E15A7A79C}.Release|iPhone.Build.0 = Release|x86
		{5712F495-4482-480E-812E-868E15A7A79C}.Release|iPhone.Deploy.0 = Release|x86
		{5712F495-4482-480E-812E-868E15A7A79C}.Release|iPhoneSimulator.ActiveCfg = Release|x86
		{5712F495-4482-480E-812E-868E15A7A79C}.Release|iPhoneSimulator.Build.0 = Release|x86
		{5712F495-4482-480E-812E-868E15A7A79C}.Release|iPhoneSimulator.Deploy.0 = Release|x86
		{5712F495-4482-480E-812E-868E15A7A79C}.Release|x64.ActiveCfg = Release|x64
		{5712F495-4482-480E-812E-868E15A7A79C}.Release|x64.Build.0 = Release|x64
		{5712F495-4482-480E-812E-868E15A7A79C}.Release|x64.Deploy.0 = Release|x64
		{5712F495-4482-480E-812E-868E15A7A79C}.Release|x86.ActiveCfg = Release|x86
		{5712F495-4482-480E-812E-868E15A7A79C}.Release|x86.Build.0 = Release|x86
		{5712F495-4482-480E-812E-868E15A7A79C}.Release|x86.Deploy.0 = Release|x86
		{46359254-7F06-4AE8-9164-881D2F6C909A}.Ad-Hoc|Any CPU.ActiveCfg = Debug|Any CPU
		{46359254-7F06-4AE8-9164-881D2F6C909A}.Ad-Hoc|Any CPU.Build.0 = Debug|Any CPU
		{46359254-7F06-4AE8-9164-881D2F6C909A}.Ad-Hoc|Any CPU.Deploy.0 = Debug|Any CPU
		{46359254-7F06-4AE8-9164-881D2F6C909A}.Ad-Hoc|ARM.ActiveCfg = Debug|Any CPU
		{46359254-7F06-4AE8-9164-881D2F6C909A}.Ad-Hoc|ARM.Build.0 = Debug|Any CPU
		{46359254-7F06-4AE8-9164-881D2F6C909A}.Ad-Hoc|ARM.Deploy.0 = Debug|Any CPU
		{46359254-7F06-4AE8-9164-881D2F6C909A}.Ad-Hoc|iPhone.ActiveCfg = Debug|Any CPU
		{46359254-7F06-4AE8-9164-881D2F6C909A}.Ad-Hoc|iPhone.Build.0 = Debug|Any CPU
		{46359254-7F06-4AE8-9164-881D2F6C909A}.Ad-Hoc|iPhone.Deploy.0 = Debug|Any CPU
		{46359254-7F06-4AE8-9164-881D2F6C909A}.Ad-Hoc|iPhoneSimulator.ActiveCfg = Debug|Any CPU
		{46359254-7F06-4AE8-9164-881D2F6C909A}.Ad-Hoc|iPhoneSimulator.Build.0 = Debug|Any CPU
		{46359254-7F06-4AE8-9164-881D2F6C909A}.Ad-Hoc|iPhoneSimulator.Deploy.0 = Debug|Any CPU
		{46359254-7F06-4AE8-9164-881D2F6C909A}.Ad-Hoc|x64.ActiveCfg = Debug|Any CPU
		{46359254-7F06-4AE8-9164-881D2F6C909A}.Ad-Hoc|x64.Build.0 = Debug|Any CPU
		{46359254-7F06-4AE8-9164-881D2F6C909A}.Ad-Hoc|x64.Deploy.0 = Debug|Any CPU
		{46359254-7F06-4AE8-9164-881D2F6C909A}.Ad-Hoc|x86.ActiveCfg = Debug|Any CPU
		{46359254-7F06-4AE8-9164-881D2F6C909A}.Ad-Hoc|x86.Build.0 = Debug|Any CPU
		{46359254-7F06-4AE8-9164-881D2F6C909A}.Ad-Hoc|x86.Deploy.0 = Debug|Any CPU
		{46359254-7F06-4AE8-9164-881D2F6C909A}.AppStore|Any CPU.ActiveCfg = Debug|Any CPU
		{46359254-7F06-4AE8-9164-881D2F6C909A}.AppStore|Any CPU.Build.0 = Debug|Any CPU
		{46359254-7F06-4AE8-9164-881D2F6C909A}.AppStore|Any CPU.Deploy.0 = Debug|Any CPU
		{46359254-7F06-4AE8-9164-881D2F6C909A}.AppStore|ARM.ActiveCfg = Debug|Any CPU
		{46359254-7F06-4AE8-9164-881D2F6C909A}.AppStore|ARM.Build.0 = Debug|Any CPU
		{46359254-7F06-4AE8-9164-881D2F6C909A}.AppStore|ARM.Deploy.0 = Debug|Any CPU
		{46359254-7F06-4AE8-9164-881D2F6C909A}.AppStore|iPhone.ActiveCfg = Debug|Any CPU
		{46359254-7F06-4AE8-9164-881D2F6C909A}.AppStore|iPhone.Build.0 = Debug|Any CPU
		{46359254-7F06-4AE8-9164-881D2F6C909A}.AppStore|iPhone.Deploy.0 = Debug|Any CPU
		{46359254-7F06-4AE8-9164-881D2F6C909A}.AppStore|iPhoneSimulator.ActiveCfg = Debug|Any CPU
		{46359254-7F06-4AE8-9164-881D2F6C909A}.AppStore|iPhoneSimulator.Build.0 = Debug|Any CPU
		{46359254-7F06-4AE8-9164-881D2F6C909A}.AppStore|iPhoneSimulator.Deploy.0 = Debug|Any CPU
		{46359254-7F06-4AE8-9164-881D2F6C909A}.AppStore|x64.ActiveCfg = Debug|Any CPU
		{46359254-7F06-4AE8-9164-881D2F6C909A}.AppStore|x64.Build.0 = Debug|Any CPU
		{46359254-7F06-4AE8-9164-881D2F6C909A}.AppStore|x64.Deploy.0 = Debug|Any CPU
		{46359254-7F06-4AE8-9164-881D2F6C909A}.AppStore|x86.ActiveCfg = Debug|Any CPU
		{46359254-7F06-4AE8-9164-881D2F6C909A}.AppStore|x86.Build.0 = Debug|Any CPU
		{46359254-7F06-4AE8-9164-881D2F6C909A}.AppStore|x86.Deploy.0 = Debug|Any CPU
		{46359254-7F06-4AE8-9164-881D2F6C909A}.Debug|Any CPU.ActiveCfg = Debug|Any CPU
		{46359254-7F06-4AE8-9164-881D2F6C909A}.Debug|Any CPU.Build.0 = Debug|Any CPU
		{46359254-7F06-4AE8-9164-881D2F6C909A}.Debug|Any CPU.Deploy.0 = Debug|Any CPU
		{46359254-7F06-4AE8-9164-881D2F6C909A}.Debug|ARM.ActiveCfg = Debug|Any CPU
		{46359254-7F06-4AE8-9164-881D2F6C909A}.Debug|ARM.Build.0 = Debug|Any CPU
		{46359254-7F06-4AE8-9164-881D2F6C909A}.Debug|ARM.Deploy.0 = Debug|Any CPU
		{46359254-7F06-4AE8-9164-881D2F6C909A}.Debug|iPhone.ActiveCfg = Debug|Any CPU
		{46359254-7F06-4AE8-9164-881D2F6C909A}.Debug|iPhone.Build.0 = Debug|Any CPU
		{46359254-7F06-4AE8-9164-881D2F6C909A}.Debug|iPhone.Deploy.0 = Debug|Any CPU
		{46359254-7F06-4AE8-9164-881D2F6C909A}.Debug|iPhoneSimulator.ActiveCfg = Debug|Any CPU
		{46359254-7F06-4AE8-9164-881D2F6C909A}.Debug|iPhoneSimulator.Build.0 = Debug|Any CPU
		{46359254-7F06-4AE8-9164-881D2F6C909A}.Debug|iPhoneSimulator.Deploy.0 = Debug|Any CPU
		{46359254-7F06-4AE8-9164-881D2F6C909A}.Debug|x64.ActiveCfg = Debug|Any CPU
		{46359254-7F06-4AE8-9164-881D2F6C909A}.Debug|x64.Build.0 = Debug|Any CPU
		{46359254-7F06-4AE8-9164-881D2F6C909A}.Debug|x64.Deploy.0 = Debug|Any CPU
		{46359254-7F06-4AE8-9164-881D2F6C909A}.Debug|x86.ActiveCfg = Debug|Any CPU
		{46359254-7F06-4AE8-9164-881D2F6C909A}.Debug|x86.Build.0 = Debug|Any CPU
		{46359254-7F06-4AE8-9164-881D2F6C909A}.Debug|x86.Deploy.0 = Debug|Any CPU
		{46359254-7F06-4AE8-9164-881D2F6C909A}.Release|Any CPU.ActiveCfg = Release|Any CPU
		{46359254-7F06-4AE8-9164-881D2F6C909A}.Release|Any CPU.Build.0 = Release|Any CPU
		{46359254-7F06-4AE8-9164-881D2F6C909A}.Release|Any CPU.Deploy.0 = Release|Any CPU
		{46359254-7F06-4AE8-9164-881D2F6C909A}.Release|ARM.ActiveCfg = Release|Any CPU
		{46359254-7F06-4AE8-9164-881D2F6C909A}.Release|ARM.Build.0 = Release|Any CPU
		{46359254-7F06-4AE8-9164-881D2F6C909A}.Release|ARM.Deploy.0 = Release|Any CPU
		{46359254-7F06-4AE8-9164-881D2F6C909A}.Release|iPhone.ActiveCfg = Release|Any CPU
		{46359254-7F06-4AE8-9164-881D2F6C909A}.Release|iPhone.Build.0 = Release|Any CPU
		{46359254-7F06-4AE8-9164-881D2F6C909A}.Release|iPhone.Deploy.0 = Release|Any CPU
		{46359254-7F06-4AE8-9164-881D2F6C909A}.Release|iPhoneSimulator.ActiveCfg = Release|Any CPU
		{46359254-7F06-4AE8-9164-881D2F6C909A}.Release|iPhoneSimulator.Build.0 = Release|Any CPU
		{46359254-7F06-4AE8-9164-881D2F6C909A}.Release|iPhoneSimulator.Deploy.0 = Release|Any CPU
		{46359254-7F06-4AE8-9164-881D2F6C909A}.Release|x64.ActiveCfg = Release|Any CPU
		{46359254-7F06-4AE8-9164-881D2F6C909A}.Release|x64.Build.0 = Release|Any CPU
		{46359254-7F06-4AE8-9164-881D2F6C909A}.Release|x64.Deploy.0 = Release|Any CPU
		{46359254-7F06-4AE8-9164-881D2F6C909A}.Release|x86.ActiveCfg = Release|Any CPU
		{46359254-7F06-4AE8-9164-881D2F6C909A}.Release|x86.Build.0 = Release|Any CPU
		{46359254-7F06-4AE8-9164-881D2F6C909A}.Release|x86.Deploy.0 = Release|Any CPU
	EndGlobalSection
	GlobalSection(SolutionProperties) = preSolution
		HideSolutionNode = FALSE
	EndGlobalSection
	GlobalSection(ExtensibilityGlobals) = postSolution
		SolutionGuid = {13BF12A2-8731-4115-AC27-8DAFFFDE9B2E}
	EndGlobalSection
EndGlobal
